{
  "name": "hutko",
  "version": "0.0.1",
  "lockfileVersion": 2,
  "requires": true,
  "packages": {
    "": {
      "version": "0.0.1",
      "workspaces": [
        "packages/*"
      ],
      "devDependencies": {
        "prettier": "2.2.0"
      }
    },
    "node_modules/@hutko/browser-version": {
      "resolved": "packages/browser",
      "link": true
    },
    "node_modules/@hutko/node-version": {
      "resolved": "packages/node",
      "link": true
    },
    "node_modules/amdefine": {
      "version": "1.0.1",
      "license": "BSD-3-Clause OR MIT",
      "engines": {
        "node": ">=0.4.2"
      }
    },
    "node_modules/assertion-error": {
      "version": "1.1.0",
      "dev": true,
      "license": "MIT",
      "engines": {
        "node": "*"
      }
    },
    "node_modules/astw": {
      "version": "0.0.0",
      "license": "MIT",
      "dependencies": {
        "esprima": "1.0.2"
      }
    },
    "node_modules/async": {
      "version": "0.2.10"
    },
    "node_modules/Base64": {
      "version": "0.1.4"
    },
    "node_modules/base64-js": {
      "version": "0.0.2",
      "engines": {
        "node": ">= 0.4"
      }
    },
    "node_modules/binary-search-tree": {
      "version": "0.2.5",
      "dependencies": {
        "underscore": "~1.4.4"
      }
    },
    "node_modules/bops": {
      "version": "0.0.6",
      "license": "MIT",
      "dependencies": {
        "base64-js": "0.0.2",
        "to-utf8": "0.0.1"
      }
    },
    "node_modules/browser-builtins": {
      "version": "1.0.7",
      "license": "MIT",
      "dependencies": {
        "buffer-browserify": "0.1.x",
        "console-browserify": "0.1.x",
        "constants-browserify": "0.0.x",
        "crypto-browserify": "1.0.x",
        "http-browserify": "0.1.x",
        "punycode": "1.2.x",
        "resolve": "0.3.x",
        "vm-browserify": "0.0.x",
        "zlib-browserify": "0.0.x"
      }
    },
    "node_modules/browser-pack": {
      "version": "0.9.4",
      "license": "MIT",
      "dependencies": {
        "combine-source-map": "~0.1.1",
        "JSONStream": "~0.6.4",
        "through": "~2.3.4"
      },
      "bin": {
        "browser-pack": "bin/cmd.js"
      }
    },
    "node_modules/browser-resolve": {
      "version": "1.1.4",
      "license": "MIT",
      "dependencies": {
        "resolve": "0.5.1"
      }
    },
    "node_modules/browser-resolve/node_modules/resolve": {
      "version": "0.5.1",
      "license": "MIT"
    },
    "node_modules/browserify": {
      "version": "2.25.1",
      "license": "MIT",
      "dependencies": {
        "browser-builtins": "~1.0.1",
        "browser-pack": "~0.9.4",
        "browser-resolve": "~1.1.0",
        "concat-stream": "~1.0.0",
        "deps-sort": "~0.1.1",
        "duplexer": "~0.1.1",
        "event-stream": "~3.0.15",
        "inherits": "~1.0.0",
        "insert-module-globals": "~1.2.0",
        "JSONStream": "~0.6.4",
        "module-deps": "~1.0.1",
        "optimist": "~0.5.1",
        "parents": "~0.0.1",
        "shell-quote": "~0.0.1",
        "syntax-error": "~0.0.0",
        "through": "~2.3.4",
        "umd": "~1.1.0"
      },
      "bin": {
        "browserify": "bin/cmd.js"
      }
    },
    "node_modules/buffer-browserify": {
      "version": "0.1.0",
      "license": "MIT/X11",
      "dependencies": {
        "base64-js": "0.0.2"
      }
    },
    "node_modules/callsite": {
      "version": "1.0.0",
      "engines": {
        "node": "*"
      }
    },
    "node_modules/chai": {
      "version": "3.5.0",
      "dev": true,
      "license": "MIT",
      "dependencies": {
        "assertion-error": "^1.0.1",
        "deep-eql": "^0.1.3",
        "type-detect": "^1.0.0"
      },
      "engines": {
        "node": ">= 0.4.0"
      }
    },
    "node_modules/combine-source-map": {
      "version": "0.1.3",
      "license": "MIT",
      "dependencies": {
        "convert-source-map": "~0.2.3",
        "inline-source-map": "~0.2.1",
        "parse-base64vlq-mappings": "~0.1.1"
      }
    },
    "node_modules/commander": {
      "version": "1.1.1",
      "dev": true,
      "dependencies": {
        "keypress": "0.1.x"
      },
      "engines": {
        "node": ">= 0.6.x"
      }
    },
    "node_modules/commondir": {
      "version": "0.0.2",
      "license": "MIT/X11"
    },
    "node_modules/concat-stream": {
      "version": "1.0.1",
      "engines": [
        "node >= 0.8.0"
      ],
      "license": "BSD",
      "dependencies": {
        "bops": "0.0.6"
      }
    },
    "node_modules/console-browserify": {
      "version": "0.1.6"
    },
    "node_modules/constants-browserify": {
      "version": "0.0.1",
      "license": "MIT"
    },
    "node_modules/convert-source-map": {
      "version": "0.2.6",
      "license": "MIT"
    },
    "node_modules/crypto-browserify": {
      "version": "1.0.9",
      "license": "MIT",
      "engines": {
        "node": "*"
      }
    },
    "node_modules/debug": {
      "version": "4.3.1",
      "dev": true,
      "license": "MIT",
      "dependencies": {
        "ms": "2.1.2"
      },
      "engines": {
        "node": ">=6.0"
      },
      "peerDependenciesMeta": {
        "supports-color": {
          "optional": true
        }
      }
    },
    "node_modules/debug/node_modules/ms": {
      "version": "2.1.2",
      "dev": true,
      "license": "MIT"
    },
    "node_modules/deep-eql": {
      "version": "0.1.3",
      "dev": true,
      "license": "MIT",
      "dependencies": {
        "type-detect": "0.1.1"
      },
      "engines": {
        "node": "*"
      }
    },
    "node_modules/deep-eql/node_modules/type-detect": {
      "version": "0.1.1",
      "dev": true,
      "license": "MIT",
      "engines": {
        "node": "*"
      }
    },
    "node_modules/deep-equal": {
      "version": "0.0.0",
      "license": "MIT/X11"
    },
    "node_modules/defined": {
      "version": "0.0.0",
      "license": "MIT"
    },
    "node_modules/deps-sort": {
      "version": "0.1.2",
      "license": "MIT",
      "dependencies": {
        "JSONStream": "~0.6.4",
        "minimist": "~0.0.1",
        "through": "~2.3.4"
      },
      "bin": {
        "deps-sort": "bin/cmd.js"
      }
    },
    "node_modules/detective": {
      "version": "2.1.2",
      "license": "MIT",
      "dependencies": {
        "escodegen": "0.0.15",
        "esprima": "1.0.2"
      }
    },
    "node_modules/diff": {
      "version": "1.0.2",
      "dev": true,
      "engines": {
        "node": ">=0.3.1"
      }
    },
    "node_modules/duplexer": {
      "version": "0.1.2",
      "license": "MIT"
    },
    "node_modules/escodegen": {
      "version": "0.0.15",
      "dependencies": {
        "esprima": ">= 1.0.0"
      },
      "bin": {
        "escodegen": "bin/escodegen.js",
        "esgenerate": "bin/esgenerate.js"
      },
      "engines": {
        "node": ">=0.4.0"
      },
      "optionalDependencies": {
        "source-map": ">= 0.1.2"
      }
    },
    "node_modules/esprima": {
      "version": "1.0.2",
      "bin": {
        "esparse": "bin/esparse.js",
        "esvalidate": "bin/esvalidate.js"
      },
      "engines": {
        "node": ">=0.4.0"
      }
    },
    "node_modules/event-stream": {
      "version": "3.0.20",
      "dependencies": {
        "duplexer": "~0.1.1",
        "from": "~0",
        "map-stream": "~0.0.3",
        "pause-stream": "0.0.11",
        "split": "0.2",
        "stream-combiner": "~0.0.3",
        "through": "~2.3.1"
      }
    },
    "node_modules/exec-time": {
      "version": "0.0.2",
      "dev": true
    },
    "node_modules/from": {
      "version": "0.1.7",
      "license": "MIT"
    },
    "node_modules/fs-extra": {
      "version": "0.6.4",
      "dependencies": {
        "jsonfile": "~1.0.1",
        "mkdirp": "0.3.x",
        "ncp": "~0.4.2",
        "rimraf": "~2.2.0"
      }
    },
    "node_modules/fs-extra/node_modules/mkdirp": {
      "version": "0.3.5",
      "license": "MIT"
    },
    "node_modules/growl": {
      "version": "1.5.1",
      "dev": true
    },
    "node_modules/http-browserify": {
      "version": "0.1.14",
      "license": "MIT/X11",
      "dependencies": {
        "Base64": "~0.1.2",
        "concat-stream": "~1.0.0"
      }
    },
    "node_modules/immediate": {
      "version": "3.0.6",
      "license": "MIT"
    },
    "node_modules/indexof": {
      "version": "0.0.1"
    },
    "node_modules/inherits": {
      "version": "1.0.2"
    },
    "node_modules/inline-source-map": {
      "version": "0.2.5",
      "license": "MIT",
      "dependencies": {
        "source-map": "~0.1.25"
      }
    },
    "node_modules/insert-module-globals": {
      "version": "1.2.1",
      "license": "MIT",
      "dependencies": {
        "commondir": "~0.0.1",
        "duplexer": "~0.0.3",
        "JSONStream": "~0.4.3",
        "lexical-scope": "~0.0.5",
        "process": "~0.5.1",
        "through": "~2.2.0"
      },
      "bin": {
        "insert-module-globals": "bin/cmd.js"
      }
    },
    "node_modules/insert-module-globals/node_modules/duplexer": {
      "version": "0.0.4"
    },
    "node_modules/insert-module-globals/node_modules/JSONStream": {
      "version": "0.4.4",
      "dependencies": {
        "jsonparse": "0.0.5"
      },
      "engines": {
        "node": "*"
      }
    },
    "node_modules/insert-module-globals/node_modules/through": {
      "version": "2.2.7",
      "license": "MIT"
    },
    "node_modules/is-docker": {
      "version": "2.1.1",
      "resolved": "https://registry.npmjs.org/is-docker/-/is-docker-2.1.1.tgz",
      "integrity": "sha512-ZOoqiXfEwtGknTiuDEy8pN2CfE3TxMHprvNer1mXiqwkOT77Rw3YVrUQ52EqAOU3QAWDQ+bQdx7HJzrv7LS2Hw==",
      "dev": true,
      "bin": {
        "is-docker": "cli.js"
      },
      "engines": {
        "node": ">=8"
      },
      "funding": {
        "url": "https://github.com/sponsors/sindresorhus"
      }
    },
    "node_modules/is-wsl": {
      "version": "2.2.0",
      "resolved": "https://registry.npmjs.org/is-wsl/-/is-wsl-2.2.0.tgz",
      "integrity": "sha512-fKzAra0rGJUUBwGBgNkHZuToZcn+TtXHpeCgmkMJMMYx1sQDYaCSyjJBSCa2nH1DGm7s3n1oBnohoVTBaN7Lww==",
      "dev": true,
      "dependencies": {
        "is-docker": "^2.0.0"
      },
      "engines": {
        "node": ">=8"
      }
    },
    "node_modules/jade": {
      "version": "0.26.3",
      "dev": true,
      "dependencies": {
        "commander": "0.6.1",
        "mkdirp": "0.3.0"
      },
      "bin": {
        "jade": "bin/jade"
      }
    },
    "node_modules/jade/node_modules/commander": {
      "version": "0.6.1",
      "dev": true,
      "engines": {
        "node": ">= 0.4.x"
      }
    },
    "node_modules/jade/node_modules/mkdirp": {
      "version": "0.3.0",
      "dev": true,
      "license": "MIT/X11",
      "engines": {
        "node": "*"
      }
    },
    "node_modules/jsonfile": {
      "version": "1.0.1"
    },
    "node_modules/jsonify": {
      "version": "0.0.0",
      "license": "Public Domain"
    },
    "node_modules/jsonparse": {
      "version": "0.0.5",
      "engines": [
        "node >= 0.2.0"
      ],
      "license": "MIT"
    },
    "node_modules/JSONStream": {
      "version": "0.6.4",
      "dependencies": {
        "jsonparse": "0.0.5",
        "through": "~2.2.7"
      },
      "engines": {
        "node": "*"
      }
    },
    "node_modules/JSONStream/node_modules/through": {
      "version": "2.2.7",
      "license": "MIT"
    },
    "node_modules/keypress": {
      "version": "0.1.0",
      "dev": true,
      "license": "MIT"
    },
    "node_modules/lexical-scope": {
      "version": "0.0.15",
      "license": "MIT",
      "dependencies": {
        "astw": "~0.0.0"
      }
    },
    "node_modules/lie": {
      "version": "3.1.1",
      "license": "MIT",
      "dependencies": {
        "immediate": "~3.0.5"
      }
    },
    "node_modules/localforage": {
      "version": "1.9.0",
      "license": "Apache-2.0",
      "dependencies": {
        "lie": "3.1.1"
      }
    },
    "node_modules/map-stream": {
      "version": "0.0.7",
      "license": "MIT"
    },
    "node_modules/minimist": {
      "version": "0.0.10",
      "license": "MIT"
    },
    "node_modules/mkdirp": {
      "version": "0.5.5",
      "license": "MIT",
      "dependencies": {
        "minimist": "^1.2.5"
      },
      "bin": {
        "mkdirp": "bin/cmd.js"
      }
    },
    "node_modules/mkdirp/node_modules/minimist": {
      "version": "1.2.5",
      "license": "MIT"
    },
    "node_modules/mocha": {
      "version": "1.4.3",
      "dev": true,
      "dependencies": {
        "commander": "0.6.1",
        "debug": "*",
        "diff": "1.0.2",
        "growl": "1.5.x",
        "jade": "0.26.3",
        "mkdirp": "0.3.3",
        "ms": "0.3.0"
      },
      "bin": {
        "_mocha": "bin/_mocha",
        "mocha": "bin/mocha"
      },
      "engines": {
        "node": ">= 0.4.x"
      }
    },
    "node_modules/mocha/node_modules/commander": {
      "version": "0.6.1",
      "dev": true,
      "engines": {
        "node": ">= 0.4.x"
      }
    },
    "node_modules/mocha/node_modules/mkdirp": {
      "version": "0.3.3",
      "dev": true,
      "license": "MIT/X11",
      "engines": {
        "node": "*"
      }
    },
    "node_modules/module-deps": {
      "version": "1.0.2",
      "license": "MIT",
      "dependencies": {
        "browser-resolve": "~1.1.0",
        "concat-stream": "~1.0.0",
        "detective": "~2.1.2",
        "JSONStream": "~0.6.4",
        "minimist": "~0.0.1",
        "resolve": "~0.4.0",
        "through": "~2.3.4"
      },
      "bin": {
        "module-deps": "cmd.js"
      }
    },
    "node_modules/module-deps/node_modules/resolve": {
      "version": "0.4.3",
      "license": "MIT"
    },
    "node_modules/ms": {
      "version": "0.3.0",
      "dev": true
    },
    "node_modules/ncp": {
      "version": "0.4.2",
      "license": "MIT",
      "bin": {
        "ncp": "bin/ncp"
      }
    },
    "node_modules/open": {
      "version": "7.4.2",
      "resolved": "https://registry.npmjs.org/open/-/open-7.4.2.tgz",
      "integrity": "sha512-MVHddDVweXZF3awtlAS+6pgKLlm/JgxZ90+/NBurBoQctVOOB/zDdVjcyPzQ+0laDGbsWgrRkflI65sQeOgT9Q==",
      "dev": true,
      "dependencies": {
        "is-docker": "^2.0.0",
        "is-wsl": "^2.1.1"
      },
      "engines": {
        "node": ">=8"
      },
      "funding": {
        "url": "https://github.com/sponsors/sindresorhus"
      }
    },
    "node_modules/optimist": {
      "version": "0.5.2",
      "license": "MIT/X11",
      "dependencies": {
        "wordwrap": "~0.0.2"
      }
    },
    "node_modules/parents": {
      "version": "0.0.3",
      "license": "MIT",
      "dependencies": {
        "path-platform": "^0.0.1"
      }
    },
    "node_modules/parse-base64vlq-mappings": {
      "version": "0.1.4",
      "license": "MIT"
    },
    "node_modules/path-platform": {
      "version": "0.0.1",
      "engines": {
        "node": ">= 0.8.0"
      }
    },
    "node_modules/pause-stream": {
      "version": "0.0.11",
      "license": [
        "MIT",
        "Apache2"
      ],
      "dependencies": {
        "through": "~2.3"
      }
    },
    "node_modules/prettier": {
      "version": "2.2.0",
      "resolved": "https://registry.npmjs.org/prettier/-/prettier-2.2.0.tgz",
      "integrity": "sha512-yYerpkvseM4iKD/BXLYUkQV5aKt4tQPqaGW6EsZjzyu0r7sVZZNPJW4Y8MyKmicp6t42XUPcBVA+H6sB3gqndw==",
      "dev": true,
      "bin": {
        "prettier": "bin-prettier.js"
      },
      "engines": {
        "node": ">=10.13.0"
      }
    },
    "node_modules/process": {
      "version": "0.5.2",
      "engines": {
        "node": ">= 0.6.0"
      }
    },
    "node_modules/punycode": {
      "version": "1.2.4",
      "engines": [
        "node",
        "rhino"
      ]
    },
    "node_modules/request": {
      "version": "2.9.203",
      "dev": true,
      "engines": [
        "node >= 0.3.6"
      ]
    },
    "node_modules/resolve": {
      "version": "0.3.1",
      "license": "MIT"
    },
    "node_modules/rfile": {
      "version": "1.0.0",
      "license": "MIT",
      "dependencies": {
        "callsite": "~1.0.0",
        "resolve": "~0.3.0"
      }
    },
    "node_modules/rimraf": {
      "version": "2.2.8",
      "license": "MIT",
      "bin": {
        "rimraf": "bin.js"
      }
    },
    "node_modules/ruglify": {
      "version": "1.0.0",
      "license": "MIT",
      "dependencies": {
        "rfile": "~1.0",
        "uglify-js": "~2.2"
      }
    },
    "node_modules/ruglify/node_modules/optimist": {
      "version": "0.3.7",
      "license": "MIT/X11",
      "dependencies": {
        "wordwrap": "~0.0.2"
      }
    },
    "node_modules/ruglify/node_modules/uglify-js": {
      "version": "2.2.5",
      "dependencies": {
        "optimist": "~0.3.5",
        "source-map": "~0.1.7"
      },
      "bin": {
        "uglifyjs": "bin/uglifyjs"
      },
      "engines": {
        "node": ">=0.4.0"
      }
    },
    "node_modules/shell-quote": {
      "version": "0.0.1",
      "license": "MIT"
    },
    "node_modules/sinon": {
      "version": "1.3.4",
      "dev": true,
      "engines": {
        "node": ">=0.1.103"
      }
    },
    "node_modules/source-map": {
      "version": "0.1.43",
      "dependencies": {
        "amdefine": ">=0.0.4"
      },
      "engines": {
        "node": ">=0.8.0"
      }
    },
    "node_modules/split": {
      "version": "0.2.10",
      "dependencies": {
        "through": "2"
      },
      "engines": {
        "node": "*"
      }
    },
    "node_modules/stream-combiner": {
      "version": "0.0.4",
      "license": "MIT",
      "dependencies": {
        "duplexer": "~0.1.1"
      }
    },
    "node_modules/syntax-error": {
      "version": "0.0.1",
      "license": "MIT",
      "dependencies": {
        "esprima": "~0.9.9"
      }
    },
    "node_modules/syntax-error/node_modules/esprima": {
      "version": "0.9.9",
      "bin": {
        "esparse": "bin/esparse.js"
      },
      "engines": {
        "node": ">=0.4.0"
      }
    },
    "node_modules/tape": {
      "version": "0.2.2",
      "license": "MIT",
      "dependencies": {
        "deep-equal": "~0.0.0",
        "defined": "~0.0.0",
        "jsonify": "~0.0.0"
      }
    },
    "node_modules/through": {
      "version": "2.3.8",
      "license": "MIT"
    },
    "node_modules/to-utf8": {
      "version": "0.0.1",
      "license": "MIT"
    },
    "node_modules/type-detect": {
      "version": "1.0.0",
      "dev": true,
      "license": "MIT",
      "engines": {
        "node": "*"
      }
    },
    "node_modules/uglify-js": {
      "version": "2.3.6",
      "dependencies": {
        "async": "~0.2.6",
        "optimist": "~0.3.5",
        "source-map": "~0.1.7"
      },
      "bin": {
        "uglifyjs": "bin/uglifyjs"
      },
      "engines": {
        "node": ">=0.4.0"
      }
    },
    "node_modules/uglify-js/node_modules/optimist": {
      "version": "0.3.7",
      "license": "MIT/X11",
      "dependencies": {
        "wordwrap": "~0.0.2"
      }
    },
    "node_modules/umd": {
      "version": "1.1.1",
      "license": "MIT",
      "dependencies": {
        "rfile": "~1.0.0",
        "ruglify": "~1.0.0",
        "through": "~2.3.1",
        "uglify-js": "~2.2.5"
      }
    },
    "node_modules/umd/node_modules/optimist": {
      "version": "0.3.7",
      "license": "MIT/X11",
      "dependencies": {
        "wordwrap": "~0.0.2"
      }
    },
    "node_modules/umd/node_modules/uglify-js": {
      "version": "2.2.5",
      "dependencies": {
        "optimist": "~0.3.5",
        "source-map": "~0.1.7"
      },
      "bin": {
        "uglifyjs": "bin/uglifyjs"
      },
      "engines": {
        "node": ">=0.4.0"
      }
    },
    "node_modules/underscore": {
      "version": "1.4.4"
    },
    "node_modules/vm-browserify": {
      "version": "0.0.4",
      "license": "MIT",
      "dependencies": {
        "indexof": "0.0.1"
      }
    },
    "node_modules/wordwrap": {
      "version": "0.0.3",
      "license": "MIT",
      "engines": {
        "node": ">=0.4.0"
      }
    },
    "node_modules/zlib-browserify": {
      "version": "0.0.3",
      "license": "MIT",
      "dependencies": {
        "tape": "~0.2.2"
      }
    },
    "packages/browser": {
      "name": "@hutko/browser-version",
      "version": "1.8.0",
      "dependencies": {
        "async": "~0.2.9",
        "browserify": "~2.25.0",
        "fs-extra": "~0.6.3",
        "uglify-js": "~2.3.6"
      },
      "devDependencies": {
        "open": "^7.4.2"
      }
    },
    "packages/node": {
      "name": "@hutko/node-version",
      "version": "1.8.0",
      "license": "SEE LICENSE IN LICENSE",
      "dependencies": {
        "async": "0.2.10",
        "binary-search-tree": "0.2.5",
        "localforage": "^1.3.0",
        "mkdirp": "~0.5.1",
        "underscore": "~1.4.4"
      },
      "devDependencies": {
        "chai": "^3.2.0",
        "commander": "1.1.1",
        "exec-time": "0.0.2",
        "mocha": "1.4.x",
        "request": "2.9.x",
        "sinon": "1.3.x"
      }
    }
  },
  "dependencies": {
    "@hutko/browser-version": {
      "version": "file:packages/browser",
      "requires": {
        "async": "~0.2.9",
        "browserify": "~2.25.0",
        "fs-extra": "~0.6.3",
        "open": "^7.4.2",
        "uglify-js": "~2.3.6"
      }
    },
    "@hutko/node-version": {
      "version": "file:packages/node",
      "requires": {
        "async": "0.2.10",
        "binary-search-tree": "0.2.5",
        "chai": "^3.2.0",
        "commander": "1.1.1",
        "exec-time": "0.0.2",
        "localforage": "^1.3.0",
        "mkdirp": "~0.5.1",
        "mocha": "1.4.x",
        "request": "2.9.x",
        "sinon": "1.3.x",
        "underscore": "~1.4.4"
      }
    },
    "amdefine": {
      "version": "1.0.1"
    },
    "assertion-error": {
      "version": "1.1.0",
      "dev": true
    },
    "astw": {
      "version": "0.0.0",
      "requires": {
        "esprima": "1.0.2"
      }
    },
    "async": {
      "version": "0.2.10"
    },
    "Base64": {
      "version": "0.1.4"
    },
    "base64-js": {
      "version": "0.0.2"
    },
    "binary-search-tree": {
      "version": "0.2.5",
      "requires": {
        "underscore": "~1.4.4"
      }
    },
    "bops": {
      "version": "0.0.6",
      "requires": {
        "base64-js": "0.0.2",
        "to-utf8": "0.0.1"
      }
    },
    "browser-builtins": {
      "version": "1.0.7",
      "requires": {
        "buffer-browserify": "0.1.x",
        "console-browserify": "0.1.x",
        "constants-browserify": "0.0.x",
        "crypto-browserify": "1.0.x",
        "http-browserify": "0.1.x",
        "punycode": "1.2.x",
        "resolve": "0.3.x",
        "vm-browserify": "0.0.x",
        "zlib-browserify": "0.0.x"
      }
    },
    "browser-pack": {
      "version": "0.9.4",
      "requires": {
        "combine-source-map": "~0.1.1",
        "JSONStream": "~0.6.4",
        "through": "~2.3.4"
      }
    },
    "browser-resolve": {
      "version": "1.1.4",
      "requires": {
        "resolve": "0.5.1"
      },
      "dependencies": {
        "resolve": {
          "version": "0.5.1"
        }
      }
    },
    "browserify": {
      "version": "2.25.1",
      "requires": {
        "browser-builtins": "~1.0.1",
        "browser-pack": "~0.9.4",
        "browser-resolve": "~1.1.0",
        "concat-stream": "~1.0.0",
        "deps-sort": "~0.1.1",
        "duplexer": "~0.1.1",
        "event-stream": "~3.0.15",
        "inherits": "~1.0.0",
        "insert-module-globals": "~1.2.0",
        "JSONStream": "~0.6.4",
        "module-deps": "~1.0.1",
        "optimist": "~0.5.1",
        "parents": "~0.0.1",
        "shell-quote": "~0.0.1",
        "syntax-error": "~0.0.0",
        "through": "~2.3.4",
        "umd": "~1.1.0"
      }
    },
    "buffer-browserify": {
      "version": "0.1.0",
      "requires": {
        "base64-js": "0.0.2"
      }
    },
    "callsite": {
      "version": "1.0.0"
    },
    "chai": {
      "version": "3.5.0",
      "dev": true,
      "requires": {
        "assertion-error": "^1.0.1",
        "deep-eql": "^0.1.3",
        "type-detect": "^1.0.0"
      }
    },
    "combine-source-map": {
      "version": "0.1.3",
      "requires": {
        "convert-source-map": "~0.2.3",
        "inline-source-map": "~0.2.1",
        "parse-base64vlq-mappings": "~0.1.1"
      }
    },
    "commander": {
      "version": "1.1.1",
      "dev": true,
      "requires": {
        "keypress": "0.1.x"
      }
    },
    "commondir": {
      "version": "0.0.2"
    },
    "concat-stream": {
      "version": "1.0.1",
      "requires": {
        "bops": "0.0.6"
      }
    },
    "console-browserify": {
      "version": "0.1.6"
    },
    "constants-browserify": {
      "version": "0.0.1"
    },
    "convert-source-map": {
      "version": "0.2.6"
    },
    "crypto-browserify": {
      "version": "1.0.9"
    },
    "debug": {
      "version": "4.3.1",
      "dev": true,
      "requires": {
        "ms": "2.1.2"
      },
      "dependencies": {
        "ms": {
          "version": "2.1.2",
          "dev": true
        }
      }
    },
    "deep-eql": {
      "version": "0.1.3",
      "dev": true,
      "requires": {
        "type-detect": "0.1.1"
      },
      "dependencies": {
        "type-detect": {
          "version": "0.1.1",
          "dev": true
        }
      }
    },
    "deep-equal": {
      "version": "0.0.0"
    },
    "defined": {
      "version": "0.0.0"
    },
    "deps-sort": {
      "version": "0.1.2",
      "requires": {
        "JSONStream": "~0.6.4",
        "minimist": "~0.0.1",
        "through": "~2.3.4"
      }
    },
    "detective": {
      "version": "2.1.2",
      "requires": {
        "escodegen": "0.0.15",
        "esprima": "1.0.2"
      }
    },
    "diff": {
      "version": "1.0.2",
      "dev": true
    },
    "duplexer": {
      "version": "0.1.2"
    },
    "escodegen": {
      "version": "0.0.15",
      "requires": {
        "esprima": ">= 1.0.0",
        "source-map": ">= 0.1.2"
      }
    },
    "esprima": {
      "version": "1.0.2"
    },
    "event-stream": {
      "version": "3.0.20",
      "requires": {
        "duplexer": "~0.1.1",
        "from": "~0",
        "map-stream": "~0.0.3",
        "pause-stream": "0.0.11",
        "split": "0.2",
        "stream-combiner": "~0.0.3",
        "through": "~2.3.1"
      }
    },
    "exec-time": {
      "version": "0.0.2",
      "dev": true
    },
    "from": {
      "version": "0.1.7"
    },
    "fs-extra": {
      "version": "0.6.4",
      "requires": {
        "jsonfile": "~1.0.1",
        "mkdirp": "0.3.x",
        "ncp": "~0.4.2",
        "rimraf": "~2.2.0"
      },
      "dependencies": {
        "mkdirp": {
          "version": "0.3.5"
        }
      }
    },
    "growl": {
      "version": "1.5.1",
      "dev": true
    },
    "http-browserify": {
      "version": "0.1.14",
      "requires": {
        "Base64": "~0.1.2",
        "concat-stream": "~1.0.0"
      }
    },
    "immediate": {
      "version": "3.0.6"
    },
    "indexof": {
      "version": "0.0.1"
    },
    "inherits": {
      "version": "1.0.2"
    },
    "inline-source-map": {
      "version": "0.2.5",
      "requires": {
        "source-map": "~0.1.25"
      }
    },
    "insert-module-globals": {
      "version": "1.2.1",
      "requires": {
        "commondir": "~0.0.1",
        "duplexer": "~0.0.3",
        "JSONStream": "~0.4.3",
        "lexical-scope": "~0.0.5",
        "process": "~0.5.1",
        "through": "~2.2.0"
      },
      "dependencies": {
        "duplexer": {
          "version": "0.0.4"
        },
        "JSONStream": {
          "version": "0.4.4",
          "requires": {
            "jsonparse": "0.0.5"
          }
        },
        "through": {
          "version": "2.2.7"
        }
      }
    },
    "is-docker": {
      "version": "2.1.1",
      "resolved": "https://registry.npmjs.org/is-docker/-/is-docker-2.1.1.tgz",
      "integrity": "sha512-ZOoqiXfEwtGknTiuDEy8pN2CfE3TxMHprvNer1mXiqwkOT77Rw3YVrUQ52EqAOU3QAWDQ+bQdx7HJzrv7LS2Hw==",
      "dev": true
    },
    "is-wsl": {
      "version": "2.2.0",
      "resolved": "https://registry.npmjs.org/is-wsl/-/is-wsl-2.2.0.tgz",
      "integrity": "sha512-fKzAra0rGJUUBwGBgNkHZuToZcn+TtXHpeCgmkMJMMYx1sQDYaCSyjJBSCa2nH1DGm7s3n1oBnohoVTBaN7Lww==",
      "dev": true,
      "requires": {
        "is-docker": "^2.0.0"
      }
    },
    "jade": {
      "version": "0.26.3",
      "dev": true,
      "requires": {
        "commander": "0.6.1",
        "mkdirp": "0.3.0"
      },
      "dependencies": {
        "commander": {
          "version": "0.6.1",
          "dev": true
        },
        "mkdirp": {
          "version": "0.3.0",
          "dev": true
        }
      }
    },
    "jsonfile": {
      "version": "1.0.1"
    },
    "jsonify": {
      "version": "0.0.0"
    },
    "jsonparse": {
      "version": "0.0.5"
    },
    "JSONStream": {
      "version": "0.6.4",
      "requires": {
        "jsonparse": "0.0.5",
        "through": "~2.2.7"
      },
      "dependencies": {
        "through": {
          "version": "2.2.7"
        }
      }
    },
    "keypress": {
      "version": "0.1.0",
      "dev": true
    },
    "lexical-scope": {
      "version": "0.0.15",
      "requires": {
        "astw": "~0.0.0"
      }
    },
    "lie": {
      "version": "3.1.1",
      "requires": {
        "immediate": "~3.0.5"
      }
    },
    "localforage": {
      "version": "1.9.0",
      "requires": {
        "lie": "3.1.1"
      }
    },
    "map-stream": {
      "version": "0.0.7"
    },
    "minimist": {
      "version": "0.0.10"
    },
    "mkdirp": {
      "version": "0.5.5",
      "requires": {
        "minimist": "^1.2.5"
      },
      "dependencies": {
        "minimist": {
          "version": "1.2.5"
        }
      }
    },
    "mocha": {
      "version": "1.4.3",
      "dev": true,
      "requires": {
        "commander": "0.6.1",
        "debug": "*",
        "diff": "1.0.2",
        "growl": "1.5.x",
        "jade": "0.26.3",
        "mkdirp": "0.3.3",
        "ms": "0.3.0"
      },
      "dependencies": {
        "commander": {
          "version": "0.6.1",
          "dev": true
        },
        "mkdirp": {
          "version": "0.3.3",
          "dev": true
        }
      }
    },
    "module-deps": {
      "version": "1.0.2",
      "requires": {
        "browser-resolve": "~1.1.0",
        "concat-stream": "~1.0.0",
        "detective": "~2.1.2",
        "JSONStream": "~0.6.4",
        "minimist": "~0.0.1",
        "resolve": "~0.4.0",
        "through": "~2.3.4"
      },
      "dependencies": {
        "resolve": {
          "version": "0.4.3"
        }
      }
    },
    "ms": {
      "version": "0.3.0",
      "dev": true
    },
    "ncp": {
      "version": "0.4.2"
    },
    "open": {
      "version": "7.4.2",
      "resolved": "https://registry.npmjs.org/open/-/open-7.4.2.tgz",
      "integrity": "sha512-MVHddDVweXZF3awtlAS+6pgKLlm/JgxZ90+/NBurBoQctVOOB/zDdVjcyPzQ+0laDGbsWgrRkflI65sQeOgT9Q==",
      "dev": true,
      "requires": {
        "is-docker": "^2.0.0",
        "is-wsl": "^2.1.1"
      }
    },
    "optimist": {
      "version": "0.5.2",
      "requires": {
        "wordwrap": "~0.0.2"
      }
    },
    "parents": {
      "version": "0.0.3",
      "requires": {
        "path-platform": "^0.0.1"
      }
    },
    "parse-base64vlq-mappings": {
      "version": "0.1.4"
    },
    "path-platform": {
      "version": "0.0.1"
    },
    "pause-stream": {
      "version": "0.0.11",
      "requires": {
        "through": "~2.3"
      }
    },
    "prettier": {
      "version": "2.2.0",
      "resolved": "https://registry.npmjs.org/prettier/-/prettier-2.2.0.tgz",
      "integrity": "sha512-yYerpkvseM4iKD/BXLYUkQV5aKt4tQPqaGW6EsZjzyu0r7sVZZNPJW4Y8MyKmicp6t42XUPcBVA+H6sB3gqndw==",
      "dev": true
    },
    "process": {
      "version": "0.5.2"
    },
    "punycode": {
      "version": "1.2.4"
    },
    "request": {
      "version": "2.9.203",
      "dev": true
    },
    "resolve": {
      "version": "0.3.1"
    },
    "rfile": {
      "version": "1.0.0",
      "requires": {
        "callsite": "~1.0.0",
        "resolve": "~0.3.0"
      }
    },
    "rimraf": {
      "version": "2.2.8"
    },
    "ruglify": {
      "version": "1.0.0",
      "requires": {
        "rfile": "~1.0",
        "uglify-js": "~2.2"
      },
      "dependencies": {
        "optimist": {
          "version": "0.3.7",
          "requires": {
            "wordwrap": "~0.0.2"
          }
        },
        "uglify-js": {
          "version": "2.2.5",
          "requires": {
            "optimist": "~0.3.5",
            "source-map": "~0.1.7"
          }
        }
      }
    },
    "shell-quote": {
      "version": "0.0.1"
    },
    "sinon": {
      "version": "1.3.4",
      "dev": true
    },
    "source-map": {
      "version": "0.1.43",
      "requires": {
        "amdefine": ">=0.0.4"
      }
    },
    "split": {
      "version": "0.2.10",
      "requires": {
        "through": "2"
      }
    },
    "stream-combiner": {
      "version": "0.0.4",
      "requires": {
        "duplexer": "~0.1.1"
      }
    },
    "syntax-error": {
      "version": "0.0.1",
      "requires": {
        "esprima": "~0.9.9"
      },
      "dependencies": {
        "esprima": {
          "version": "0.9.9"
        }
      }
    },
    "tape": {
      "version": "0.2.2",
      "requires": {
        "deep-equal": "~0.0.0",
        "defined": "~0.0.0",
        "jsonify": "~0.0.0"
      }
    },
    "through": {
      "version": "2.3.8"
    },
    "to-utf8": {
      "version": "0.0.1"
    },
    "type-detect": {
      "version": "1.0.0",
      "dev": true
    },
    "uglify-js": {
      "version": "2.3.6",
      "requires": {
        "async": "~0.2.6",
        "optimist": "~0.3.5",
        "source-map": "~0.1.7"
      },
      "dependencies": {
        "optimist": {
          "version": "0.3.7",
          "requires": {
            "wordwrap": "~0.0.2"
          }
        }
      }
    },
    "umd": {
      "version": "1.1.1",
      "requires": {
        "rfile": "~1.0.0",
        "ruglify": "~1.0.0",
        "through": "~2.3.1",
        "uglify-js": "~2.2.5"
      },
      "dependencies": {
        "optimist": {
          "version": "0.3.7",
          "requires": {
            "wordwrap": "~0.0.2"
          }
        },
        "uglify-js": {
          "version": "2.2.5",
          "requires": {
            "optimist": "~0.3.5",
            "source-map": "~0.1.7"
          }
        }
      }
    },
    "underscore": {
      "version": "1.4.4"
    },
    "vm-browserify": {
      "version": "0.0.4",
      "requires": {
        "indexof": "0.0.1"
      }
    },
    "wordwrap": {
      "version": "0.0.3"
    },
    "zlib-browserify": {
      "version": "0.0.3",
      "requires": {
        "tape": "~0.2.2"
      }
    }
  }
}
